{
	"name": "doge3",
	"version": "3.0.0-pre",
	"lockfileVersion": 1,
	"requires": true,
	"dependencies": {
		"abbrev": {
			"version": "1.1.1",
			"resolved": "https://registry.npmjs.org/abbrev/-/abbrev-1.1.1.tgz",
			"integrity": "sha512-nne9/IiQ/hzIhY6pdDnbBtz7DjPTKrY00P/zvPSm5pOFkl6xuGrGnXn/VtTNNfNtAfZ9/1RtehkszU9qcTii0Q==",
			"dev": true
		},
		"config-chain": {
			"version": "1.1.12",
			"resolved": "https://registry.npmjs.org/config-chain/-/config-chain-1.1.12.tgz",
			"integrity": "sha512-a1eOIcu8+7lUInge4Rpf/n4Krkf3Dd9lqhljRzII1/Zno/kRtUWnznPO3jOKBmTEktkt3fkxisUcivoj0ebzoA==",
			"dev": true,
			"requires": {
				"ini": "^1.3.4",
				"proto-list": "~1.2.1"
			}
		},
		"dogescript": {
			"version": "2.3.0",
			"resolved": "https://registry.npmjs.org/dogescript/-/dogescript-2.3.0.tgz",
			"integrity": "sha1-XxW5QJLStNiRmyG3XbqJy/cvOz4=",
			"dev": true,
			"requires": {
				"js-beautify": "~1.4.2",
				"optimist": "~0.6.0"
			}
		},
		"ini": {
			"version": "1.3.5",
			"resolved": "https://registry.npmjs.org/ini/-/ini-1.3.5.tgz",
			"integrity": "sha512-RZY5huIKCMRWDUqZlEi72f/lmXKMvuszcMBduliQ3nnWbx9X/ZBQO7DijMEYS9EhHBb2qacRUMtC7svLwe0lcw==",
			"dev": true
		},
		"js-beautify": {
			"version": "1.4.2",
			"resolved": "http://registry.npmjs.org/js-beautify/-/js-beautify-1.4.2.tgz",
			"integrity": "sha1-iILfRQqejs910ifxzOtajslolrc=",
			"dev": true,
			"requires": {
				"config-chain": "~1.1.5",
				"mkdirp": "0.3.5",
				"nopt": "~2.1.1"
			}
		},
		"minimist": {
			"version": "0.0.10",
			"resolved": "http://registry.npmjs.org/minimist/-/minimist-0.0.10.tgz",
			"integrity": "sha1-3j+YVD2/lggr5IrRoMfNqDYwHc8=",
			"dev": true
		},
		"mkdirp": {
			"version": "0.3.5",
			"resolved": "http://registry.npmjs.org/mkdirp/-/mkdirp-0.3.5.tgz",
			"integrity": "sha1-3j5fiWHIjHh+4TaN+EmsRBPsqNc=",
			"dev": true
		},
		"nopt": {
			"version": "2.1.2",
			"resolved": "https://registry.npmjs.org/nopt/-/nopt-2.1.2.tgz",
			"integrity": "sha1-bMzZd7gBMqB3MdbozljCyDA8+a8=",
			"dev": true,
			"requires": {
				"abbrev": "1"
			}
		},
		"optimist": {
			"version": "0.6.1",
			"resolved": "https://registry.npmjs.org/optimist/-/optimist-0.6.1.tgz",
			"integrity": "sha1-2j6nRob6IaGaERwybpDrFaAZZoY=",
			"dev": true,
			"requires": {
				"minimist": "~0.0.1",
				"wordwrap": "~0.0.2"
			}
		},
		"proto-list": {
			"version": "1.2.4",
			"resolved": "https://registry.npmjs.org/proto-list/-/proto-list-1.2.4.tgz",
			"integrity": "sha1-IS1b/hMYMGpCD2QCuOJv85ZHqEk=",
			"dev": true
		},
		"wordwrap": {
			"version": "0.0.3",
			"resolved": "https://registry.npmjs.org/wordwrap/-/wordwrap-0.0.3.tgz",
			"integrity": "sha1-o9XabNXAvAAI03I0u68b7WMFkQc=",
			"dev": true
		}
	}
}
